lockVersion: 2.0.0
id: 237680b3-e42b-45ad-81dd-105277177e95
management:
  docChecksum: 598fe8a2be8e11a25b866e2994b2c61b
  docVersion: 0.0.0
  speakeasyVersion: 1.349.2
  generationVersion: 2.382.2
  releaseVersion: 0.1.0
  configChecksum: 9247ebe27c72bc517a6a00ccc14835f6
  repoURL: https://github.com/bannerify/bannerify-python.git
  installationURL: https://github.com/bannerify/bannerify-python.git
features:
  python:
    acceptHeaders: 3.0.0
    additionalDependencies: 1.0.0
    constsAndDefaults: 1.0.1
    core: 5.2.5
    defaultEnabledRetries: 0.2.0
    devContainers: 3.0.0
    downloadStreams: 1.0.1
    envVarSecurityUsage: 0.2.1
    errorUnions: 1.0.1
    examples: 3.0.0
    flattening: 3.0.0
    globalSecurity: 3.0.0
    globalSecurityCallbacks: 1.0.0
    globalSecurityFlattening: 1.0.0
    globalServerURLs: 3.0.0
    nullables: 1.0.0
    responseFormat: 1.0.0
    retries: 3.0.0
    sdkHooks: 1.0.0
    unions: 3.0.1
generatedFiles:
  - src/bannerify/sdkconfiguration.py
  - src/bannerify/sdk.py
  - .vscode/settings.json
  - py.typed
  - pylintrc
  - pyproject.toml
  - scripts/publish.sh
  - src/bannerify/__init__.py
  - src/bannerify/basesdk.py
  - src/bannerify/httpclient.py
  - src/bannerify/py.typed
  - src/bannerify/types/__init__.py
  - src/bannerify/types/basemodel.py
  - src/bannerify/utils/__init__.py
  - src/bannerify/utils/annotations.py
  - src/bannerify/utils/enums.py
  - src/bannerify/utils/eventstreaming.py
  - src/bannerify/utils/forms.py
  - src/bannerify/utils/headers.py
  - src/bannerify/utils/metadata.py
  - src/bannerify/utils/queryparams.py
  - src/bannerify/utils/requestbodies.py
  - src/bannerify/utils/retries.py
  - src/bannerify/utils/security.py
  - src/bannerify/utils/serializers.py
  - src/bannerify/utils/url.py
  - src/bannerify/utils/values.py
  - src/bannerify/models/sdkerror.py
  - src/bannerify/models/post_v1_templates_createimageop.py
  - src/bannerify/models/errbadrequest.py
  - src/bannerify/models/errfetchimageerror.py
  - src/bannerify/models/errunauthorized.py
  - src/bannerify/models/errforbidden.py
  - src/bannerify/models/errnotfound.py
  - src/bannerify/models/errconflict.py
  - src/bannerify/models/errtoomanyrequests.py
  - src/bannerify/models/errinternalservererror.py
  - src/bannerify/models/modification.py
  - src/bannerify/models/get_v1_templates_signedurlop.py
  - src/bannerify/models/get_v1_infoop.py
  - src/bannerify/models/security.py
  - src/bannerify/models/__init__.py
  - docs/models/format.md
  - docs/models/postv1templatescreateimagerequestbody.md
  - docs/models/postv1templatescreateimageresponsebody.md
  - docs/models/postv1templatescreateimageresponse.md
  - docs/models/code.md
  - docs/models/error.md
  - docs/models/errbadrequest.md
  - docs/models/errfetchimageerrorcode.md
  - docs/models/errfetchimageerrorerror.md
  - docs/models/errfetchimageerror.md
  - docs/models/errunauthorizedcode.md
  - docs/models/errunauthorizederror.md
  - docs/models/errunauthorized.md
  - docs/models/errforbiddencode.md
  - docs/models/errforbiddenerror.md
  - docs/models/errforbidden.md
  - docs/models/errnotfoundcode.md
  - docs/models/errnotfounderror.md
  - docs/models/errnotfound.md
  - docs/models/errconflictcode.md
  - docs/models/errconflicterror.md
  - docs/models/errconflict.md
  - docs/models/errtoomanyrequestscode.md
  - docs/models/errtoomanyrequestserror.md
  - docs/models/errtoomanyrequests.md
  - docs/models/errinternalservererrorcode.md
  - docs/models/errinternalservererrorerror.md
  - docs/models/errinternalservererror.md
  - docs/models/modification.md
  - docs/models/queryparamformat.md
  - docs/models/getv1templatessignedurlrequest.md
  - docs/models/getv1templatessignedurlresponsebody.md
  - docs/models/getv1inforequest.md
  - docs/models/getv1inforesponsebody.md
  - docs/models/security.md
  - docs/models/utils/retryconfig.md
  - docs/sdks/bannerify/README.md
  - USAGE.md
  - .gitattributes
  - .devcontainer/README.md
  - .devcontainer/devcontainer.json
  - .devcontainer/setup.sh
  - src/bannerify/_hooks/sdkhooks.py
  - src/bannerify/_hooks/types.py
  - src/bannerify/_hooks/__init__.py
  - CONTRIBUTING.md
