speakeasyVersion: 1.382.0
sources:
    bannerify-OAS:
        sourceNamespace: bannerify-oas
        sourceRevisionDigest: sha256:80ac77f6e9890b7310abe26b28496c19c14422cb8f50e414b3a54db9fb3bd632
        sourceBlobDigest: sha256:4f404c83a5f6d8e40f5c0fb8944ce43e0757645a880cbe475d81fe11b47c6c5b
        tags:
            - latest
            - main
targets:
    bannerify:
        source: bannerify-OAS
        sourceNamespace: bannerify-oas
        sourceRevisionDigest: sha256:80ac77f6e9890b7310abe26b28496c19c14422cb8f50e414b3a54db9fb3bd632
        sourceBlobDigest: sha256:4f404c83a5f6d8e40f5c0fb8944ce43e0757645a880cbe475d81fe11b47c6c5b
        codeSamplesNamespace: code-samples-python-bannerify
        codeSamplesRevisionDigest: sha256:d227d85b159a17304a613720af6436d5a782568341ab62275491eca0e8df1fe0
        outLocation: /github/workspace/repo
workflow:
    workflowVersion: 1.0.0
    speakeasyVersion: latest
    sources:
        bannerify-OAS:
            inputs:
                - location: https://api.bannerify.co/openapi
            registry:
                location: registry.speakeasyapi.dev/bannerify/bannerify/bannerify-oas
    targets:
        bannerify:
            target: python
            source: bannerify-OAS
            publish:
                pypi:
                    token: $pypi_token
            codeSamples:
                output: codeSamples.yaml
                registry:
                    location: registry.speakeasyapi.dev/bannerify/bannerify/code-samples-python-bannerify
