speakeasyVersion: 1.358.0
sources:
    bannerify-OAS:
        sourceNamespace: bannerify-oas
        sourceRevisionDigest: sha256:77ee0fa052c6c295d91b07d87b1eef63de33aa129d4145d03e6c30b6375cc6a7
        sourceBlobDigest: sha256:d34f24e6e7243088f5f0555ddd0ecf2d0dd3e00e07812ea1ad24ce2e6b2fa819
        tags:
            - latest
            - main
targets:
    bannerify:
        source: bannerify-OAS
        sourceNamespace: bannerify-oas
        sourceRevisionDigest: sha256:77ee0fa052c6c295d91b07d87b1eef63de33aa129d4145d03e6c30b6375cc6a7
        sourceBlobDigest: sha256:d34f24e6e7243088f5f0555ddd0ecf2d0dd3e00e07812ea1ad24ce2e6b2fa819
        codeSamplesNamespace: code-samples-python-bannerify
        codeSamplesRevisionDigest: sha256:5854fb16e87f5d84e3a3beb2a3e568fa0267a246560cd1495335231b8969b968
        outLocation: /github/workspace/repo
workflow:
    workflowVersion: 1.0.0
    speakeasyVersion: latest
    sources:
        bannerify-OAS:
            inputs:
                - location: https://api.bannerify.co/openapi
            registry:
                location: registry.speakeasyapi.dev/bannerify/bannerify/bannerify-oas
    targets:
        bannerify:
            target: python
            source: bannerify-OAS
            publish:
                pypi:
                    token: $pypi_token
            codeSamples:
                output: codeSamples.yaml
                registry:
                    location: registry.speakeasyapi.dev/bannerify/bannerify/code-samples-python-bannerify
