speakeasyVersion: 1.349.2
sources:
    bannerify-OAS:
        sourceNamespace: bannerify-oas
        sourceRevisionDigest: sha256:3f87639a125d4fddc46d3a8c6e2b0815bd2c62ab3f18b1a66f8c39bd37026ec8
        sourceBlobDigest: sha256:65687ebb13ed368b9f7b8eeac6b4465b549b9f886255aa5e7622fd21cea569cb
        tags:
            - latest
            - main
targets:
    bannerify:
        source: bannerify-OAS
        sourceNamespace: bannerify-oas
        sourceRevisionDigest: sha256:3f87639a125d4fddc46d3a8c6e2b0815bd2c62ab3f18b1a66f8c39bd37026ec8
        sourceBlobDigest: sha256:65687ebb13ed368b9f7b8eeac6b4465b549b9f886255aa5e7622fd21cea569cb
        codeSamplesNamespace: code-samples-python-bannerify
        codeSamplesRevisionDigest: sha256:a86abbffe88e88f45cf49c9ba67fe0ac26f24b6aa771209c8bd5466056ee4ac5
        outLocation: /github/workspace/repo
workflow:
    workflowVersion: 1.0.0
    speakeasyVersion: latest
    sources:
        bannerify-OAS:
            inputs:
                - location: https://api.bannerify.co/openapi
            registry:
                location: registry.speakeasyapi.dev/bannerify/bannerify/bannerify-oas
    targets:
        bannerify:
            target: python
            source: bannerify-OAS
            codeSamples:
                output: codeSamples.yaml
                registry:
                    location: registry.speakeasyapi.dev/bannerify/bannerify/code-samples-python-bannerify
